
Microsoft Visual Studio Solution File, Format Version 12.00
Project("{FAE04EC0-301F-11D3-BF4B-00C04F79EFBC}") = "AviaSales", "AviaSales\AviaSales.csproj", "{82D89F07-AF9E-4741-8A04-230BAAAD2A97}"
EndProject
Global
	GlobalSection(SolutionConfigurationPlatforms) = preSolution
		Debug|Any CPU = Debug|Any CPU
		Release|Any CPU = Release|Any CPU
	EndGlobalSection
	GlobalSection(ProjectConfigurationPlatforms) = postSolution
		{82D89F07-AF9E-4741-8A04-230BAAAD2A97}.Debug|Any CPU.ActiveCfg = Debug|Any CPU
		{82D89F07-AF9E-4741-8A04-230BAAAD2A97}.Debug|Any CPU.Build.0 = Debug|Any CPU
		{82D89F07-AF9E-4741-8A04-230BAAAD2A97}.Release|Any CPU.ActiveCfg = Release|Any CPU
		{82D89F07-AF9E-4741-8A04-230BAAAD2A97}.Release|Any CPU.Build.0 = Release|Any CPU
	EndGlobalSection
	GlobalSection(NestedProjects) = preSolution
	EndGlobalSection
EndGlobal
